// !$*UTF8*$!
{
	archiveVersion = 1;
	classes = {
	};
	objectVersion = 56;
	objects = {

/* Begin PBXBuildFile section */
		E429D0EA2A7A6556007356F8 /* AviaViewController.swift in Sources */ = {isa = PBXBuildFile; fileRef = E429D0E82A7A6556007356F8 /* AviaViewController.swift */; };
		E429D0EB2A7A6556007356F8 /* AviaViewController.xib in Resources */ = {isa = PBXBuildFile; fileRef = E429D0E92A7A6556007356F8 /* AviaViewController.xib */; };
		E429D0ED2A7A658E007356F8 /* AviaPresenter.swift in Sources */ = {isa = PBXBuildFile; fileRef = E429D0EC2A7A658E007356F8 /* AviaPresenter.swift */; };
		E4417E652AC5D7EA0001467A /* AirportModel.swift in Sources */ = {isa = PBXBuildFile; fileRef = E4417E642AC5D7EA0001467A /* AirportModel.swift */; };
		E49160F82A69BE41002222FF /* AppDelegate.swift in Sources */ = {isa = PBXBuildFile; fileRef = E49160F72A69BE41002222FF /* AppDelegate.swift */; };
		E49160FA2A69BE41002222FF /* SceneDelegate.swift in Sources */ = {isa = PBXBuildFile; fileRef = E49160F92A69BE41002222FF /* SceneDelegate.swift */; };
		E49160FC2A69BE41002222FF /* MainViewController.swift in Sources */ = {isa = PBXBuildFile; fileRef = E49160FB2A69BE41002222FF /* MainViewController.swift */; };
		E49160FF2A69BE41002222FF /* Main.storyboard in Resources */ = {isa = PBXBuildFile; fileRef = E49160FD2A69BE41002222FF /* Main.storyboard */; };
		E49161012A69BE42002222FF /* Assets.xcassets in Resources */ = {isa = PBXBuildFile; fileRef = E49161002A69BE42002222FF /* Assets.xcassets */; };
		E49161042A69BE42002222FF /* LaunchScreen.storyboard in Resources */ = {isa = PBXBuildFile; fileRef = E49161022A69BE42002222FF /* LaunchScreen.storyboard */; };
		E491610F2A69BE42002222FF /* AviaseilsTests.swift in Sources */ = {isa = PBXBuildFile; fileRef = E491610E2A69BE42002222FF /* AviaseilsTests.swift */; };
		E49161192A69BE42002222FF /* AviaseilsUITests.swift in Sources */ = {isa = PBXBuildFile; fileRef = E49161182A69BE42002222FF /* AviaseilsUITests.swift */; };
		E491611B2A69BE42002222FF /* AviaseilsUITestsLaunchTests.swift in Sources */ = {isa = PBXBuildFile; fileRef = E491611A2A69BE42002222FF /* AviaseilsUITestsLaunchTests.swift */; };
		E491613C2A7006A8002222FF /* MainViewController.xib in Resources */ = {isa = PBXBuildFile; fileRef = E491613B2A7006A8002222FF /* MainViewController.xib */; };
		E491613E2A700717002222FF /* AsselderModuleBuilder.swift in Sources */ = {isa = PBXBuildFile; fileRef = E491613D2A700717002222FF /* AsselderModuleBuilder.swift */; };
		E49161402A7007C2002222FF /* Comment.swift in Sources */ = {isa = PBXBuildFile; fileRef = E491613F2A7007C2002222FF /* Comment.swift */; };
		E49161432A7007E7002222FF /* NetworkService.swift in Sources */ = {isa = PBXBuildFile; fileRef = E49161422A7007E7002222FF /* NetworkService.swift */; };
		E49161452A700801002222FF /* MainPresenter.swift in Sources */ = {isa = PBXBuildFile; fileRef = E49161442A700801002222FF /* MainPresenter.swift */; };
		E4A07FCA2A76EA3D0076A29C /* CustomTableCell.swift in Sources */ = {isa = PBXBuildFile; fileRef = E4A07FC92A76EA3D0076A29C /* CustomTableCell.swift */; };
		E4BE25652A7D51A3002FD9C5 /* RouterProtocol.swift in Sources */ = {isa = PBXBuildFile; fileRef = E4BE25642A7D51A3002FD9C5 /* RouterProtocol.swift */; };
		E4D024F32ABE2CBB00CE7185 /* Info.swift in Sources */ = {isa = PBXBuildFile; fileRef = E4D024F22ABE2CBB00CE7185 /* Info.swift */; };
/* End PBXBuildFile section */

/* Begin PBXContainerItemProxy section */
		E491610B2A69BE42002222FF /* PBXContainerItemProxy */ = {
			isa = PBXContainerItemProxy;
			containerPortal = E49160EC2A69BE41002222FF /* Project object */;
			proxyType = 1;
			remoteGlobalIDString = E49160F32A69BE41002222FF;
			remoteInfo = Aviaseils;
		};
		E49161152A69BE42002222FF /* PBXContainerItemProxy */ = {
			isa = PBXContainerItemProxy;
			containerPortal = E49160EC2A69BE41002222FF /* Project object */;
			proxyType = 1;
			remoteGlobalIDString = E49160F32A69BE41002222FF;
			remoteInfo = Aviaseils;
		};
/* End PBXContainerItemProxy section */

/* Begin PBXFileReference section */
		E429D0E82A7A6556007356F8 /* AviaViewController.swift */ = {isa = PBXFileReference; lastKnownFileType = sourcecode.swift; path = AviaViewController.swift; sourceTree = "<group>"; };
		E429D0E92A7A6556007356F8 /* AviaViewController.xib */ = {isa = PBXFileReference; lastKnownFileType = file.xib; path = AviaViewController.xib; sourceTree = "<group>"; };
		E429D0EC2A7A658E007356F8 /* AviaPresenter.swift */ = {isa = PBXFileReference; lastKnownFileType = sourcecode.swift; path = AviaPresenter.swift; sourceTree = "<group>"; };
		E4417E642AC5D7EA0001467A /* AirportModel.swift */ = {isa = PBXFileReference; lastKnownFileType = sourcecode.swift; path = AirportModel.swift; sourceTree = "<group>"; };
		E49160F42A69BE41002222FF /* Aviaseils.app */ = {isa = PBXFileReference; explicitFileType = wrapper.application; includeInIndex = 0; path = Aviaseils.app; sourceTree = BUILT_PRODUCTS_DIR; };
		E49160F72A69BE41002222FF /* AppDelegate.swift */ = {isa = PBXFileReference; lastKnownFileType = sourcecode.swift; path = AppDelegate.swift; sourceTree = "<group>"; };
		E49160F92A69BE41002222FF /* SceneDelegate.swift */ = {isa = PBXFileReference; lastKnownFileType = sourcecode.swift; path = SceneDelegate.swift; sourceTree = "<group>"; };
		E49160FB2A69BE41002222FF /* MainViewController.swift */ = {isa = PBXFileReference; lastKnownFileType = sourcecode.swift; path = MainViewController.swift; sourceTree = "<group>"; };
		E49160FE2A69BE41002222FF /* Base */ = {isa = PBXFileReference; lastKnownFileType = file.storyboard; name = Base; path = Base.lproj/Main.storyboard; sourceTree = "<group>"; };
		E49161002A69BE42002222FF /* Assets.xcassets */ = {isa = PBXFileReference; lastKnownFileType = folder.assetcatalog; path = Assets.xcassets; sourceTree = "<group>"; };
		E49161032A69BE42002222FF /* Base */ = {isa = PBXFileReference; lastKnownFileType = file.storyboard; name = Base; path = Base.lproj/LaunchScreen.storyboard; sourceTree = "<group>"; };
		E49161052A69BE42002222FF /* Info.plist */ = {isa = PBXFileReference; lastKnownFileType = text.plist.xml; path = Info.plist; sourceTree = "<group>"; };
		E491610A2A69BE42002222FF /* AviaseilsTests.xctest */ = {isa = PBXFileReference; explicitFileType = wrapper.cfbundle; includeInIndex = 0; path = AviaseilsTests.xctest; sourceTree = BUILT_PRODUCTS_DIR; };
		E491610E2A69BE42002222FF /* AviaseilsTests.swift */ = {isa = PBXFileReference; lastKnownFileType = sourcecode.swift; path = AviaseilsTests.swift; sourceTree = "<group>"; };
		E49161142A69BE42002222FF /* AviaseilsUITests.xctest */ = {isa = PBXFileReference; explicitFileType = wrapper.cfbundle; includeInIndex = 0; path = AviaseilsUITests.xctest; sourceTree = BUILT_PRODUCTS_DIR; };
		E49161182A69BE42002222FF /* AviaseilsUITests.swift */ = {isa = PBXFileReference; lastKnownFileType = sourcecode.swift; path = AviaseilsUITests.swift; sourceTree = "<group>"; };
		E491611A2A69BE42002222FF /* AviaseilsUITestsLaunchTests.swift */ = {isa = PBXFileReference; lastKnownFileType = sourcecode.swift; path = AviaseilsUITestsLaunchTests.swift; sourceTree = "<group>"; };
		E491613B2A7006A8002222FF /* MainViewController.xib */ = {isa = PBXFileReference; lastKnownFileType = file.xib; path = MainViewController.xib; sourceTree = "<group>"; };
		E491613D2A700717002222FF /* AsselderModuleBuilder.swift */ = {isa = PBXFileReference; lastKnownFileType = sourcecode.swift; path = AsselderModuleBuilder.swift; sourceTree = "<group>"; };
		E491613F2A7007C2002222FF /* Comment.swift */ = {isa = PBXFileReference; lastKnownFileType = sourcecode.swift; path = Comment.swift; sourceTree = "<group>"; };
		E49161422A7007E7002222FF /* NetworkService.swift */ = {isa = PBXFileReference; lastKnownFileType = sourcecode.swift; path = NetworkService.swift; sourceTree = "<group>"; };
		E49161442A700801002222FF /* MainPresenter.swift */ = {isa = PBXFileReference; lastKnownFileType = sourcecode.swift; path = MainPresenter.swift; sourceTree = "<group>"; };
		E4A07FC92A76EA3D0076A29C /* CustomTableCell.swift */ = {isa = PBXFileReference; lastKnownFileType = sourcecode.swift; path = CustomTableCell.swift; sourceTree = "<group>"; };
		E4BE25642A7D51A3002FD9C5 /* RouterProtocol.swift */ = {isa = PBXFileReference; lastKnownFileType = sourcecode.swift; path = RouterProtocol.swift; sourceTree = "<group>"; };
		E4D024F22ABE2CBB00CE7185 /* Info.swift */ = {isa = PBXFileReference; lastKnownFileType = sourcecode.swift; path = Info.swift; sourceTree = "<group>"; };
/* End PBXFileReference section */

/* Begin PBXFrameworksBuildPhase section */
		E49160F12A69BE41002222FF /* Frameworks */ = {
			isa = PBXFrameworksBuildPhase;
			buildActionMask = 2147483647;
			files = (
			);
			runOnlyForDeploymentPostprocessing = 0;
		};
		E49161072A69BE42002222FF /* Frameworks */ = {
			isa = PBXFrameworksBuildPhase;
			buildActionMask = 2147483647;
			files = (
			);
			runOnlyForDeploymentPostprocessing = 0;
		};
		E49161112A69BE42002222FF /* Frameworks */ = {
			isa = PBXFrameworksBuildPhase;
			buildActionMask = 2147483647;
			files = (
			);
			runOnlyForDeploymentPostprocessing = 0;
		};
/* End PBXFrameworksBuildPhase section */

/* Begin PBXGroup section */
		E429D0EE2A7A6787007356F8 /* Model */ = {
			isa = PBXGroup;
			children = (
				E491613F2A7007C2002222FF /* Comment.swift */,
			);
			path = Model;
			sourceTree = "<group>";
		};
		E49160EB2A69BE41002222FF = {
			isa = PBXGroup;
			children = (
				E49160F62A69BE41002222FF /* Aviaseils */,
				E491610D2A69BE42002222FF /* AviaseilsTests */,
				E49161172A69BE42002222FF /* AviaseilsUITests */,
				E49160F52A69BE41002222FF /* Products */,
			);
			sourceTree = "<group>";
		};
		E49160F52A69BE41002222FF /* Products */ = {
			isa = PBXGroup;
			children = (
				E49160F42A69BE41002222FF /* Aviaseils.app */,
				E491610A2A69BE42002222FF /* AviaseilsTests.xctest */,
				E49161142A69BE42002222FF /* AviaseilsUITests.xctest */,
			);
			name = Products;
			sourceTree = "<group>";
		};
		E49160F62A69BE41002222FF /* Aviaseils */ = {
			isa = PBXGroup;
			children = (
				E4BB8D612AC771990018CC21 /* Application */,
				E4BB8D602AC7713D0018CC21 /* Resourse */,
				E4BE25662A7D51A5002FD9C5 /* Router */,
				E4A07FAF2A76DD720076A29C /* AviaModule */,
				E491613A2A700669002222FF /* MainModule */,
				E49161412A7007CA002222FF /* ServiceLayer */,
			);
			path = Aviaseils;
			sourceTree = "<group>";
		};
		E491610D2A69BE42002222FF /* AviaseilsTests */ = {
			isa = PBXGroup;
			children = (
				E491610E2A69BE42002222FF /* AviaseilsTests.swift */,
			);
			path = AviaseilsTests;
			sourceTree = "<group>";
		};
		E49161172A69BE42002222FF /* AviaseilsUITests */ = {
			isa = PBXGroup;
			children = (
				E49161182A69BE42002222FF /* AviaseilsUITests.swift */,
				E491611A2A69BE42002222FF /* AviaseilsUITestsLaunchTests.swift */,
			);
			path = AviaseilsUITests;
			sourceTree = "<group>";
		};
		E49161292A69BFB7002222FF /* Presenter */ = {
			isa = PBXGroup;
			children = (
				E49161442A700801002222FF /* MainPresenter.swift */,
			);
			path = Presenter;
			sourceTree = "<group>";
		};
		E49161392A700661002222FF /* View */ = {
			isa = PBXGroup;
			children = (
				E49160FB2A69BE41002222FF /* MainViewController.swift */,
				E491613B2A7006A8002222FF /* MainViewController.xib */,
			);
			path = View;
			sourceTree = "<group>";
		};
		E491613A2A700669002222FF /* MainModule */ = {
			isa = PBXGroup;
			children = (
				E4D024EE2ABE2C7800CE7185 /* MainModel */,
				E49161292A69BFB7002222FF /* Presenter */,
				E49161392A700661002222FF /* View */,
			);
			path = MainModule;
			sourceTree = "<group>";
		};
		E49161412A7007CA002222FF /* ServiceLayer */ = {
			isa = PBXGroup;
			children = (
				E49161422A7007E7002222FF /* NetworkService.swift */,
			);
			path = ServiceLayer;
			sourceTree = "<group>";
		};
		E4A07FAF2A76DD720076A29C /* AviaModule */ = {
			isa = PBXGroup;
			children = (
				E429D0EE2A7A6787007356F8 /* Model */,
				E4A07FB12A76DD850076A29C /* Presenter */,
				E4A07FB02A76DD810076A29C /* VIew */,
			);
			path = AviaModule;
			sourceTree = "<group>";
		};
		E4A07FB02A76DD810076A29C /* VIew */ = {
			isa = PBXGroup;
			children = (
				E429D0E82A7A6556007356F8 /* AviaViewController.swift */,
				E429D0E92A7A6556007356F8 /* AviaViewController.xib */,
				E4A07FC92A76EA3D0076A29C /* CustomTableCell.swift */,
			);
			path = VIew;
			sourceTree = "<group>";
		};
		E4A07FB12A76DD850076A29C /* Presenter */ = {
			isa = PBXGroup;
			children = (
				E429D0EC2A7A658E007356F8 /* AviaPresenter.swift */,
			);
			path = Presenter;
			sourceTree = "<group>";
		};
		E4BB8D602AC7713D0018CC21 /* Resourse */ = {
			isa = PBXGroup;
			children = (
				E49160FD2A69BE41002222FF /* Main.storyboard */,
				E49161002A69BE42002222FF /* Assets.xcassets */,
				E49161022A69BE42002222FF /* LaunchScreen.storyboard */,
				E49161052A69BE42002222FF /* Info.plist */,
			);
			path = Resourse;
			sourceTree = "<group>";
		};
		E4BB8D612AC771990018CC21 /* Application */ = {
			isa = PBXGroup;
			children = (
				E49160F72A69BE41002222FF /* AppDelegate.swift */,
				E49160F92A69BE41002222FF /* SceneDelegate.swift */,
				E491613D2A700717002222FF /* AsselderModuleBuilder.swift */,
			);
			path = Application;
			sourceTree = "<group>";
		};
		E4BE25662A7D51A5002FD9C5 /* Router */ = {
			isa = PBXGroup;
			children = (
				E4BE25642A7D51A3002FD9C5 /* RouterProtocol.swift */,
			);
			path = Router;
			sourceTree = "<group>";
		};
		E4D024EE2ABE2C7800CE7185 /* MainModel */ = {
			isa = PBXGroup;
			children = (
				E4D024F22ABE2CBB00CE7185 /* Info.swift */,
				E4417E642AC5D7EA0001467A /* AirportModel.swift */,
			);
			path = MainModel;
			sourceTree = "<group>";
		};
/* End PBXGroup section */

/* Begin PBXNativeTarget section */
		E49160F32A69BE41002222FF /* Aviaseils */ = {
			isa = PBXNativeTarget;
			buildConfigurationList = E491611E2A69BE42002222FF /* Build configuration list for PBXNativeTarget "Aviaseils" */;
			buildPhases = (
				E49160F02A69BE41002222FF /* Sources */,
				E49160F12A69BE41002222FF /* Frameworks */,
				E49160F22A69BE41002222FF /* Resources */,
			);
			buildRules = (
			);
			dependencies = (
			);
			name = Aviaseils;
			productName = Aviaseils;
			productReference = E49160F42A69BE41002222FF /* Aviaseils.app */;
			productType = "com.apple.product-type.application";
		};
		E49161092A69BE42002222FF /* AviaseilsTests */ = {
			isa = PBXNativeTarget;
			buildConfigurationList = E49161212A69BE42002222FF /* Build configuration list for PBXNativeTarget "AviaseilsTests" */;
			buildPhases = (
				E49161062A69BE42002222FF /* Sources */,
				E49161072A69BE42002222FF /* Frameworks */,
				E49161082A69BE42002222FF /* Resources */,
			);
			buildRules = (
			);
			dependencies = (
				E491610C2A69BE42002222FF /* PBXTargetDependency */,
			);
			name = AviaseilsTests;
			productName = AviaseilsTests;
			productReference = E491610A2A69BE42002222FF /* AviaseilsTests.xctest */;
			productType = "com.apple.product-type.bundle.unit-test";
		};
		E49161132A69BE42002222FF /* AviaseilsUITests */ = {
			isa = PBXNativeTarget;
			buildConfigurationList = E49161242A69BE42002222FF /* Build configuration list for PBXNativeTarget "AviaseilsUITests" */;
			buildPhases = (
				E49161102A69BE42002222FF /* Sources */,
				E49161112A69BE42002222FF /* Frameworks */,
				E49161122A69BE42002222FF /* Resources */,
			);
			buildRules = (
			);
			dependencies = (
				E49161162A69BE42002222FF /* PBXTargetDependency */,
			);
			name = AviaseilsUITests;
			productName = AviaseilsUITests;
			productReference = E49161142A69BE42002222FF /* AviaseilsUITests.xctest */;
			productType = "com.apple.product-type.bundle.ui-testing";
		};
/* End PBXNativeTarget section */

/* Begin PBXProject section */
		E49160EC2A69BE41002222FF /* Project object */ = {
			isa = PBXProject;
			attributes = {
				BuildIndependentTargetsInParallel = 1;
				LastSwiftUpdateCheck = 1430;
				LastUpgradeCheck = 1430;
				TargetAttributes = {
					E49160F32A69BE41002222FF = {
						CreatedOnToolsVersion = 14.3;
					};
					E49161092A69BE42002222FF = {
						CreatedOnToolsVersion = 14.3;
						TestTargetID = E49160F32A69BE41002222FF;
					};
					E49161132A69BE42002222FF = {
						CreatedOnToolsVersion = 14.3;
						TestTargetID = E49160F32A69BE41002222FF;
					};
				};
			};
			buildConfigurationList = E49160EF2A69BE41002222FF /* Build configuration list for PBXProject "Aviaseils" */;
			compatibilityVersion = "Xcode 14.0";
			developmentRegion = en;
			hasScannedForEncodings = 0;
			knownRegions = (
				en,
				Base,
			);
			mainGroup = E49160EB2A69BE41002222FF;
			productRefGroup = E49160F52A69BE41002222FF /* Products */;
			projectDirPath = "";
			projectRoot = "";
			targets = (
				E49160F32A69BE41002222FF /* Aviaseils */,
				E49161092A69BE42002222FF /* AviaseilsTests */,
				E49161132A69BE42002222FF /* AviaseilsUITests */,
			);
		};
/* End PBXProject section */

/* Begin PBXResourcesBuildPhase section */
		E49160F22A69BE41002222FF /* Resources */ = {
			isa = PBXResourcesBuildPhase;
			buildActionMask = 2147483647;
			files = (
				E49161042A69BE42002222FF /* LaunchScreen.storyboard in Resources */,
				E429D0EB2A7A6556007356F8 /* AviaViewController.xib in Resources */,
				E49161012A69BE42002222FF /* Assets.xcassets in Resources */,
				E49160FF2A69BE41002222FF /* Main.storyboard in Resources */,
				E491613C2A7006A8002222FF /* MainViewController.xib in Resources */,
			);
			runOnlyForDeploymentPostprocessing = 0;
		};
		E49161082A69BE42002222FF /* Resources */ = {
			isa = PBXResourcesBuildPhase;
			buildActionMask = 2147483647;
			files = (
			);
			runOnlyForDeploymentPostprocessing = 0;
		};
		E49161122A69BE42002222FF /* Resources */ = {
			isa = PBXResourcesBuildPhase;
			buildActionMask = 2147483647;
			files = (
			);
			runOnlyForDeploymentPostprocessing = 0;
		};
/* End PBXResourcesBuildPhase section */

/* Begin PBXSourcesBuildPhase section */
		E49160F02A69BE41002222FF /* Sources */ = {
			isa = PBXSourcesBuildPhase;
			buildActionMask = 2147483647;
			files = (
				E4BE25652A7D51A3002FD9C5 /* RouterProtocol.swift in Sources */,
				E49161402A7007C2002222FF /* Comment.swift in Sources */,
				E49160FC2A69BE41002222FF /* MainViewController.swift in Sources */,
				E4D024F32ABE2CBB00CE7185 /* Info.swift in Sources */,
				E429D0EA2A7A6556007356F8 /* AviaViewController.swift in Sources */,
				E429D0ED2A7A658E007356F8 /* AviaPresenter.swift in Sources */,
				E49160F82A69BE41002222FF /* AppDelegate.swift in Sources */,
				E4A07FCA2A76EA3D0076A29C /* CustomTableCell.swift in Sources */,
				E49160FA2A69BE41002222FF /* SceneDelegate.swift in Sources */,
				E49161432A7007E7002222FF /* NetworkService.swift in Sources */,
				E49161452A700801002222FF /* MainPresenter.swift in Sources */,
				E4417E652AC5D7EA0001467A /* AirportModel.swift in Sources */,
				E491613E2A700717002222FF /* AsselderModuleBuilder.swift in Sources */,
			);
			runOnlyForDeploymentPostprocessing = 0;
		};
		E49161062A69BE42002222FF /* Sources */ = {
			isa = PBXSourcesBuildPhase;
			buildActionMask = 2147483647;
			files = (
				E491610F2A69BE42002222FF /* AviaseilsTests.swift in Sources */,
			);
			runOnlyForDeploymentPostprocessing = 0;
		};
		E49161102A69BE42002222FF /* Sources */ = {
			isa = PBXSourcesBuildPhase;
			buildActionMask = 2147483647;
			files = (
				E491611B2A69BE42002222FF /* AviaseilsUITestsLaunchTests.swift in Sources */,
				E49161192A69BE42002222FF /* AviaseilsUITests.swift in Sources */,
			);
			runOnlyForDeploymentPostprocessing = 0;
		};
/* End PBXSourcesBuildPhase section */

/* Begin PBXTargetDependency section */
		E491610C2A69BE42002222FF /* PBXTargetDependency */ = {
			isa = PBXTargetDependency;
			target = E49160F32A69BE41002222FF /* Aviaseils */;
			targetProxy = E491610B2A69BE42002222FF /* PBXContainerItemProxy */;
		};
		E49161162A69BE42002222FF /* PBXTargetDependency */ = {
			isa = PBXTargetDependency;
			target = E49160F32A69BE41002222FF /* Aviaseils */;
			targetProxy = E49161152A69BE42002222FF /* PBXContainerItemProxy */;
		};
/* End PBXTargetDependency section */

/* Begin PBXVariantGroup section */
		E49160FD2A69BE41002222FF /* Main.storyboard */ = {
			isa = PBXVariantGroup;
			children = (
				E49160FE2A69BE41002222FF /* Base */,
			);
			name = Main.storyboard;
			sourceTree = "<group>";
		};
		E49161022A69BE42002222FF /* LaunchScreen.storyboard */ = {
			isa = PBXVariantGroup;
			children = (
				E49161032A69BE42002222FF /* Base */,
			);
			name = LaunchScreen.storyboard;
			sourceTree = "<group>";
		};
/* End PBXVariantGroup section */

/* Begin XCBuildConfiguration section */
		E491611C2A69BE42002222FF /* Debug */ = {
			isa = XCBuildConfiguration;
			buildSettings = {
				ALWAYS_SEARCH_USER_PATHS = NO;
				CLANG_ANALYZER_NONNULL = YES;
				CLANG_ANALYZER_NUMBER_OBJECT_CONVERSION = YES_AGGRESSIVE;
				CLANG_CXX_LANGUAGE_STANDARD = "gnu++20";
				CLANG_ENABLE_MODULES = YES;
				CLANG_ENABLE_OBJC_ARC = YES;
				CLANG_ENABLE_OBJC_WEAK = YES;
				CLANG_WARN_BLOCK_CAPTURE_AUTORELEASING = YES;
				CLANG_WARN_BOOL_CONVERSION = YES;
				CLANG_WARN_COMMA = YES;
				CLANG_WARN_CONSTANT_CONVERSION = YES;
				CLANG_WARN_DEPRECATED_OBJC_IMPLEMENTATIONS = YES;
				CLANG_WARN_DIRECT_OBJC_ISA_USAGE = YES_ERROR;
				CLANG_WARN_DOCUMENTATION_COMMENTS = YES;
				CLANG_WARN_EMPTY_BODY = YES;
				CLANG_WARN_ENUM_CONVERSION = YES;
				CLANG_WARN_INFINITE_RECURSION = YES;
				CLANG_WARN_INT_CONVERSION = YES;
				CLANG_WARN_NON_LITERAL_NULL_CONVERSION = YES;
				CLANG_WARN_OBJC_IMPLICIT_RETAIN_SELF = YES;
				CLANG_WARN_OBJC_LITERAL_CONVERSION = YES;
				CLANG_WARN_OBJC_ROOT_CLASS = YES_ERROR;
				CLANG_WARN_QUOTED_INCLUDE_IN_FRAMEWORK_HEADER = YES;
				CLANG_WARN_RANGE_LOOP_ANALYSIS = YES;
				CLANG_WARN_STRICT_PROTOTYPES = YES;
				CLANG_WARN_SUSPICIOUS_MOVE = YES;
				CLANG_WARN_UNGUARDED_AVAILABILITY = YES_AGGRESSIVE;
				CLANG_WARN_UNREACHABLE_CODE = YES;
				CLANG_WARN__DUPLICATE_METHOD_MATCH = YES;
				COPY_PHASE_STRIP = NO;
				DEBUG_INFORMATION_FORMAT = dwarf;
				ENABLE_STRICT_OBJC_MSGSEND = YES;
				ENABLE_TESTABILITY = YES;
				GCC_C_LANGUAGE_STANDARD = gnu11;
				GCC_DYNAMIC_NO_PIC = NO;
				GCC_NO_COMMON_BLOCKS = YES;
				GCC_OPTIMIZATION_LEVEL = 0;
				GCC_PREPROCESSOR_DEFINITIONS = (
					"DEBUG=1",
					"$(inherited)",
				);
				GCC_WARN_64_TO_32_BIT_CONVERSION = YES;
				GCC_WARN_ABOUT_RETURN_TYPE = YES_ERROR;
				GCC_WARN_UNDECLARED_SELECTOR = YES;
				GCC_WARN_UNINITIALIZED_AUTOS = YES_AGGRESSIVE;
				GCC_WARN_UNUSED_FUNCTION = YES;
				GCC_WARN_UNUSED_VARIABLE = YES;
				IPHONEOS_DEPLOYMENT_TARGET = 16.4;
				MTL_ENABLE_DEBUG_INFO = INCLUDE_SOURCE;
				MTL_FAST_MATH = YES;
				ONLY_ACTIVE_ARCH = YES;
				SDKROOT = iphoneos;
				SWIFT_ACTIVE_COMPILATION_CONDITIONS = DEBUG;
				SWIFT_OPTIMIZATION_LEVEL = "-Onone";
			};
			name = Debug;
		};
		E491611D2A69BE42002222FF /* Release */ = {
			isa = XCBuildConfiguration;
			buildSettings = {
				ALWAYS_SEARCH_USER_PATHS = NO;
				CLANG_ANALYZER_NONNULL = YES;
				CLANG_ANALYZER_NUMBER_OBJECT_CONVERSION = YES_AGGRESSIVE;
				CLANG_CXX_LANGUAGE_STANDARD = "gnu++20";
				CLANG_ENABLE_MODULES = YES;
				CLANG_ENABLE_OBJC_ARC = YES;
				CLANG_ENABLE_OBJC_WEAK = YES;
				CLANG_WARN_BLOCK_CAPTURE_AUTORELEASING = YES;
				CLANG_WARN_BOOL_CONVERSION = YES;
				CLANG_WARN_COMMA = YES;
				CLANG_WARN_CONSTANT_CONVERSION = YES;
				CLANG_WARN_DEPRECATED_OBJC_IMPLEMENTATIONS = YES;
				CLANG_WARN_DIRECT_OBJC_ISA_USAGE = YES_ERROR;
				CLANG_WARN_DOCUMENTATION_COMMENTS = YES;
				CLANG_WARN_EMPTY_BODY = YES;
				CLANG_WARN_ENUM_CONVERSION = YES;
				CLANG_WARN_INFINITE_RECURSION = YES;
				CLANG_WARN_INT_CONVERSION = YES;
				CLANG_WARN_NON_LITERAL_NULL_CONVERSION = YES;
				CLANG_WARN_OBJC_IMPLICIT_RETAIN_SELF = YES;
				CLANG_WARN_OBJC_LITERAL_CONVERSION = YES;
				CLANG_WARN_OBJC_ROOT_CLASS = YES_ERROR;
				CLANG_WARN_QUOTED_INCLUDE_IN_FRAMEWORK_HEADER = YES;
				CLANG_WARN_RANGE_LOOP_ANALYSIS = YES;
				CLANG_WARN_STRICT_PROTOTYPES = YES;
				CLANG_WARN_SUSPICIOUS_MOVE = YES;
				CLANG_WARN_UNGUARDED_AVAILABILITY = YES_AGGRESSIVE;
				CLANG_WARN_UNREACHABLE_CODE = YES;
				CLANG_WARN__DUPLICATE_METHOD_MATCH = YES;
				COPY_PHASE_STRIP = NO;
				DEBUG_INFORMATION_FORMAT = "dwarf-with-dsym";
				ENABLE_NS_ASSERTIONS = NO;
				ENABLE_STRICT_OBJC_MSGSEND = YES;
				GCC_C_LANGUAGE_STANDARD = gnu11;
				GCC_NO_COMMON_BLOCKS = YES;
				GCC_WARN_64_TO_32_BIT_CONVERSION = YES;
				GCC_WARN_ABOUT_RETURN_TYPE = YES_ERROR;
				GCC_WARN_UNDECLARED_SELECTOR = YES;
				GCC_WARN_UNINITIALIZED_AUTOS = YES_AGGRESSIVE;
				GCC_WARN_UNUSED_FUNCTION = YES;
				GCC_WARN_UNUSED_VARIABLE = YES;
				IPHONEOS_DEPLOYMENT_TARGET = 16.4;
				MTL_ENABLE_DEBUG_INFO = NO;
				MTL_FAST_MATH = YES;
				SDKROOT = iphoneos;
				SWIFT_COMPILATION_MODE = wholemodule;
				SWIFT_OPTIMIZATION_LEVEL = "-O";
				VALIDATE_PRODUCT = YES;
			};
			name = Release;
		};
		E491611F2A69BE42002222FF /* Debug */ = {
			isa = XCBuildConfiguration;
			buildSettings = {
				ASSETCATALOG_COMPILER_APPICON_NAME = AppIcon;
				ASSETCATALOG_COMPILER_GLOBAL_ACCENT_COLOR_NAME = AccentColor;
				CODE_SIGN_STYLE = Automatic;
				CURRENT_PROJECT_VERSION = 1;
				DEVELOPMENT_TEAM = 38T9RQ5V9X;
				GENERATE_INFOPLIST_FILE = YES;
				INFOPLIST_FILE = Aviaseils/Resourse/Info.plist;
				INFOPLIST_KEY_UIApplicationSupportsIndirectInputEvents = YES;
				INFOPLIST_KEY_UILaunchStoryboardName = LaunchScreen;
				INFOPLIST_KEY_UIMainStoryboardFile = Main;
				INFOPLIST_KEY_UISupportedInterfaceOrientations_iPad = "UIInterfaceOrientationPortrait UIInterfaceOrientationPortraitUpsideDown UIInterfaceOrientationLandscapeLeft UIInterfaceOrientationLandscapeRight";
				INFOPLIST_KEY_UISupportedInterfaceOrientations_iPhone = "UIInterfaceOrientationPortrait UIInterfaceOrientationLandscapeLeft UIInterfaceOrientationLandscapeRight";
				LD_RUNPATH_SEARCH_PATHS = (
					"$(inherited)",
					"@executable_path/Frameworks",
				);
				MARKETING_VERSION = 1.0;
				PRODUCT_BUNDLE_IDENTIFIER = donailo456.Aviaseils;
				PRODUCT_NAME = "$(TARGET_NAME)";
				SWIFT_EMIT_LOC_STRINGS = YES;
				SWIFT_VERSION = 5.0;
				TARGETED_DEVICE_FAMILY = "1,2";
			};
			name = Debug;
		};
		E49161202A69BE42002222FF /* Release */ = {
			isa = XCBuildConfiguration;
			buildSettings = {
				ASSETCATALOG_COMPILER_APPICON_NAME = AppIcon;
				ASSETCATALOG_COMPILER_GLOBAL_ACCENT_COLOR_NAME = AccentColor;
				CODE_SIGN_STYLE = Automatic;
				CURRENT_PROJECT_VERSION = 1;
				DEVELOPMENT_TEAM = 38T9RQ5V9X;
				GENERATE_INFOPLIST_FILE = YES;
				INFOPLIST_FILE = Aviaseils/Resourse/Info.plist;
				INFOPLIST_KEY_UIApplicationSupportsIndirectInputEvents = YES;
				INFOPLIST_KEY_UILaunchStoryboardName = LaunchScreen;
				INFOPLIST_KEY_UIMainStoryboardFile = Main;
				INFOPLIST_KEY_UISupportedInterfaceOrientations_iPad = "UIInterfaceOrientationPortrait UIInterfaceOrientationPortraitUpsideDown UIInterfaceOrientationLandscapeLeft UIInterfaceOrientationLandscapeRight";
				INFOPLIST_KEY_UISupportedInterfaceOrientations_iPhone = "UIInterfaceOrientationPortrait UIInterfaceOrientationLandscapeLeft UIInterfaceOrientationLandscapeRight";
				LD_RUNPATH_SEARCH_PATHS = (
					"$(inherited)",
					"@executable_path/Frameworks",
				);
				MARKETING_VERSION = 1.0;
				PRODUCT_BUNDLE_IDENTIFIER = donailo456.Aviaseils;
				PRODUCT_NAME = "$(TARGET_NAME)";
				SWIFT_EMIT_LOC_STRINGS = YES;
				SWIFT_VERSION = 5.0;
				TARGETED_DEVICE_FAMILY = "1,2";
			};
			name = Release;
		};
		E49161222A69BE42002222FF /* Debug */ = {
			isa = XCBuildConfiguration;
			buildSettings = {
				ALWAYS_EMBED_SWIFT_STANDARD_LIBRARIES = YES;
				BUNDLE_LOADER = "$(TEST_HOST)";
				CODE_SIGN_STYLE = Automatic;
				CURRENT_PROJECT_VERSION = 1;
				DEVELOPMENT_TEAM = 38T9RQ5V9X;
				GENERATE_INFOPLIST_FILE = YES;
				IPHONEOS_DEPLOYMENT_TARGET = 16.4;
				MARKETING_VERSION = 1.0;
				PRODUCT_BUNDLE_IDENTIFIER = donailo456.AviaseilsTests;
				PRODUCT_NAME = "$(TARGET_NAME)";
				SWIFT_EMIT_LOC_STRINGS = NO;
				SWIFT_VERSION = 5.0;
				TARGETED_DEVICE_FAMILY = "1,2";
				TEST_HOST = "$(BUILT_PRODUCTS_DIR)/Aviaseils.app/$(BUNDLE_EXECUTABLE_FOLDER_PATH)/Aviaseils";
			};
			name = Debug;
		};
		E49161232A69BE42002222FF /* Release */ = {
			isa = XCBuildConfiguration;
			buildSettings = {
				ALWAYS_EMBED_SWIFT_STANDARD_LIBRARIES = YES;
				BUNDLE_LOADER = "$(TEST_HOST)";
				CODE_SIGN_STYLE = Automatic;
				CURRENT_PROJECT_VERSION = 1;
				DEVELOPMENT_TEAM = 38T9RQ5V9X;
				GENERATE_INFOPLIST_FILE = YES;
				IPHONEOS_DEPLOYMENT_TARGET = 16.4;
				MARKETING_VERSION = 1.0;
				PRODUCT_BUNDLE_IDENTIFIER = donailo456.AviaseilsTests;
				PRODUCT_NAME = "$(TARGET_NAME)";
				SWIFT_EMIT_LOC_STRINGS = NO;
				SWIFT_VERSION = 5.0;
				TARGETED_DEVICE_FAMILY = "1,2";
				TEST_HOST = "$(BUILT_PRODUCTS_DIR)/Aviaseils.app/$(BUNDLE_EXECUTABLE_FOLDER_PATH)/Aviaseils";
			};
			name = Release;
		};
		E49161252A69BE42002222FF /* Debug */ = {
			isa = XCBuildConfiguration;
			buildSettings = {
				ALWAYS_EMBED_SWIFT_STANDARD_LIBRARIES = YES;
				CODE_SIGN_STYLE = Automatic;
				CURRENT_PROJECT_VERSION = 1;
				DEVELOPMENT_TEAM = 38T9RQ5V9X;
				GENERATE_INFOPLIST_FILE = YES;
				MARKETING_VERSION = 1.0;
				PRODUCT_BUNDLE_IDENTIFIER = donailo456.AviaseilsUITests;
				PRODUCT_NAME = "$(TARGET_NAME)";
				SWIFT_EMIT_LOC_STRINGS = NO;
				SWIFT_VERSION = 5.0;
				TARGETED_DEVICE_FAMILY = "1,2";
				TEST_TARGET_NAME = Aviaseils;
			};
			name = Debug;
		};
		E49161262A69BE42002222FF /* Release */ = {
			isa = XCBuildConfiguration;
			buildSettings = {
				ALWAYS_EMBED_SWIFT_STANDARD_LIBRARIES = YES;
				CODE_SIGN_STYLE = Automatic;
				CURRENT_PROJECT_VERSION = 1;
				DEVELOPMENT_TEAM = 38T9RQ5V9X;
				GENERATE_INFOPLIST_FILE = YES;
				MARKETING_VERSION = 1.0;
				PRODUCT_BUNDLE_IDENTIFIER = donailo456.AviaseilsUITests;
				PRODUCT_NAME = "$(TARGET_NAME)";
				SWIFT_EMIT_LOC_STRINGS = NO;
				SWIFT_VERSION = 5.0;
				TARGETED_DEVICE_FAMILY = "1,2";
				TEST_TARGET_NAME = Aviaseils;
			};
			name = Release;
		};
/* End XCBuildConfiguration section */

/* Begin XCConfigurationList section */
		E49160EF2A69BE41002222FF /* Build configuration list for PBXProject "Aviaseils" */ = {
			isa = XCConfigurationList;
			buildConfigurations = (
				E491611C2A69BE42002222FF /* Debug */,
				E491611D2A69BE42002222FF /* Release */,
			);
			defaultConfigurationIsVisible = 0;
			defaultConfigurationName = Release;
		};
		E491611E2A69BE42002222FF /* Build configuration list for PBXNativeTarget "Aviaseils" */ = {
			isa = XCConfigurationList;
			buildConfigurations = (
				E491611F2A69BE42002222FF /* Debug */,
				E49161202A69BE42002222FF /* Release */,
			);
			defaultConfigurationIsVisible = 0;
			defaultConfigurationName = Release;
		};
		E49161212A69BE42002222FF /* Build configuration list for PBXNativeTarget "AviaseilsTests" */ = {
			isa = XCConfigurationList;
			buildConfigurations = (
				E49161222A69BE42002222FF /* Debug */,
				E49161232A69BE42002222FF /* Release */,
			);
			defaultConfigurationIsVisible = 0;
			defaultConfigurationName = Release;
		};
		E49161242A69BE42002222FF /* Build configuration list for PBXNativeTarget "AviaseilsUITests" */ = {
			isa = XCConfigurationList;
			buildConfigurations = (
				E49161252A69BE42002222FF /* Debug */,
				E49161262A69BE42002222FF /* Release */,
			);
			defaultConfigurationIsVisible = 0;
			defaultConfigurationName = Release;
		};
/* End XCConfigurationList section */
	};
	rootObject = E49160EC2A69BE41002222FF /* Project object */;
}
